dependencies:
  chmorgan/esp-libhelix-mp3:
    component_hash: cdbd76ea6477dc63599bfbcab65bdc497e108a69911b69f9945b39fd134a8e0a
    source:
      service_url: https://api.components.espressif.com/
      type: service
    version: 1.0.1
  idf:
    component_hash: null
    source:
      type: idf
    version: 4.4.2
manifest_hash: 3733a05c97d8256c57013019a15a7810e6e5639a148e831a4c4d52d6bc246aef
target: esp32s3
version: 1.0.0
